
Microsoft Visual Studio Solution File, Format Version 12.00
# Visual Studio 15
Project("{FAE04EC0-301F-11D3-BF4B-00C04F79EFBC}") = "Assembly-CSharp", "Assembly-CSharp.csproj", "{5BB25E83-8B58-F04E-F27D-1D420C4EF88B}"
EndProject
Project("{FAE04EC0-301F-11D3-BF4B-00C04F79EFBC}") = "Assembly-CSharp-Editor", "Assembly-CSharp-Editor.csproj", "{EBCA90F5-5763-123E-6B05-ED5064D15211}"
EndProject
Global
	GlobalSection(SolutionConfigurationPlatforms) = preSolution
		Debug|Any CPU = Debug|Any CPU
		Release|Any CPU = Release|Any CPU
	EndGlobalSection
	GlobalSection(ProjectConfigurationPlatforms) = postSolution
		{5BB25E83-8B58-F04E-F27D-1D420C4EF88B}.Debug|Any CPU.ActiveCfg = Debug|Any CPU
		{5BB25E83-8B58-F04E-F27D-1D420C4EF88B}.Debug|Any CPU.Build.0 = Debug|Any CPU
		{5BB25E83-8B58-F04E-F27D-1D420C4EF88B}.Release|Any CPU.ActiveCfg = Release|Any CPU
		{5BB25E83-8B58-F04E-F27D-1D420C4EF88B}.Release|Any CPU.Build.0 = Release|Any CPU
		{EBCA90F5-5763-123E-6B05-ED5064D15211}.Debug|Any CPU.ActiveCfg = Debug|Any CPU
		{EBCA90F5-5763-123E-6B05-ED5064D15211}.Debug|Any CPU.Build.0 = Debug|Any CPU
		{EBCA90F5-5763-123E-6B05-ED5064D15211}.Release|Any CPU.ActiveCfg = Release|Any CPU
		{EBCA90F5-5763-123E-6B05-ED5064D15211}.Release|Any CPU.Build.0 = Release|Any CPU
	EndGlobalSection
	GlobalSection(SolutionProperties) = preSolution
		HideSolutionNode = FALSE
	EndGlobalSection
EndGlobal
